
Microsoft Visual Studio Solution File, Format Version 12.00
# Visual Studio 15
VisualStudioVersion = 15.0.28307.1062
MinimumVisualStudioVersion = 10.0.40219.1
Project("{FAE04EC0-301F-11D3-BF4B-00C04F79EFBC}") = "MyBook", "MyBook\MyBook.csproj", "{B42A752C-BD19-4AA1-83D2-A918A0DCED54}"
EndProject
Global
	GlobalSection(SolutionConfigurationPlatforms) = preSolution
		Debug|Any CPU = Debug|Any CPU
		Release|Any CPU = Release|Any CPU
	EndGlobalSection
	GlobalSection(ProjectConfigurationPlatforms) = postSolution
		{B42A752C-BD19-4AA1-83D2-A918A0DCED54}.Debug|Any CPU.ActiveCfg = Debug|Any CPU
		{B42A752C-BD19-4AA1-83D2-A918A0DCED54}.Debug|Any CPU.Build.0 = Debug|Any CPU
		{B42A752C-BD19-4AA1-83D2-A918A0DCED54}.Release|Any CPU.ActiveCfg = Release|Any CPU
		{B42A752C-BD19-4AA1-83D2-A918A0DCED54}.Release|Any CPU.Build.0 = Release|Any CPU
	EndGlobalSection
	GlobalSection(SolutionProperties) = preSolution
		HideSolutionNode = FALSE
	EndGlobalSection
	GlobalSection(ExtensibilityGlobals) = postSolution
		SolutionGuid = {7F3550AE-2E07-432B-9EB2-AF6F10A6B142}
	EndGlobalSection
EndGlobal
